
Microsoft Visual Studio Solution File, Format Version 12.00
# Visual Studio Version 17
VisualStudioVersion = 17.3.32929.385
MinimumVisualStudioVersion = 10.0.40219.1
Project("{FAE04EC0-301F-11D3-BF4B-00C04F79EFBC}") = "Customer management system for coffee shops", "Customer management system for coffee shops\Customer management system for coffee shops.csproj", "{BFEA4DF2-57AE-4635-9B10-2BDD3E2DEA99}"
EndProject
Global
	GlobalSection(SolutionConfigurationPlatforms) = preSolution
		Debug|Any CPU = Debug|Any CPU
		Release|Any CPU = Release|Any CPU
	EndGlobalSection
	GlobalSection(ProjectConfigurationPlatforms) = postSolution
		{BFEA4DF2-57AE-4635-9B10-2BDD3E2DEA99}.Debug|Any CPU.ActiveCfg = Debug|Any CPU
		{BFEA4DF2-57AE-4635-9B10-2BDD3E2DEA99}.Debug|Any CPU.Build.0 = Debug|Any CPU
		{BFEA4DF2-57AE-4635-9B10-2BDD3E2DEA99}.Release|Any CPU.ActiveCfg = Release|Any CPU
		{BFEA4DF2-57AE-4635-9B10-2BDD3E2DEA99}.Release|Any CPU.Build.0 = Release|Any CPU
	EndGlobalSection
	GlobalSection(SolutionProperties) = preSolution
		HideSolutionNode = FALSE
	EndGlobalSection
	GlobalSection(ExtensibilityGlobals) = postSolution
		SolutionGuid = {C3F152A9-E10C-4D06-B6DF-D89D3F1ADBC6}
	EndGlobalSection
EndGlobal
